
Microsoft Visual Studio Solution File, Format Version 12.00
# Visual Studio Version 16
VisualStudioVersion = 16.0.31112.23
MinimumVisualStudioVersion = 10.0.40219.1
Project("{FAE04EC0-301F-11D3-BF4B-00C04F79EFBC}") = "Zamestnanec", "Zamestnanec\Zamestnanec.csproj", "{D06782EB-51CB-49F9-9441-4350A5DBFB44}"
EndProject
Global
	GlobalSection(SolutionConfigurationPlatforms) = preSolution
		Debug|Any CPU = Debug|Any CPU
		Release|Any CPU = Release|Any CPU
	EndGlobalSection
	GlobalSection(ProjectConfigurationPlatforms) = postSolution
		{D06782EB-51CB-49F9-9441-4350A5DBFB44}.Debug|Any CPU.ActiveCfg = Debug|Any CPU
		{D06782EB-51CB-49F9-9441-4350A5DBFB44}.Debug|Any CPU.Build.0 = Debug|Any CPU
		{D06782EB-51CB-49F9-9441-4350A5DBFB44}.Release|Any CPU.ActiveCfg = Release|Any CPU
		{D06782EB-51CB-49F9-9441-4350A5DBFB44}.Release|Any CPU.Build.0 = Release|Any CPU
	EndGlobalSection
	GlobalSection(SolutionProperties) = preSolution
		HideSolutionNode = FALSE
	EndGlobalSection
	GlobalSection(ExtensibilityGlobals) = postSolution
		SolutionGuid = {83E83B9F-2F66-4FA9-A0F0-AFC8E6D105AE}
	EndGlobalSection
EndGlobal
